
Microsoft Visual Studio Solution File, Format Version 12.00
# Visual Studio Version 16
VisualStudioVersion = 16.0.30011.22
MinimumVisualStudioVersion = 10.0.40219.1
Project("{9A19103F-16F7-4668-BE54-9A1E7A4F7556}") = "MiddlewareExercise", "MiddlewareExercise\MiddlewareExercise.csproj", "{EB870E15-0AA5-4872-BF5B-1E6F64079EFE}"
EndProject
Project("{9A19103F-16F7-4668-BE54-9A1E7A4F7556}") = "FiltersExercise", "FiltersExercise\FiltersExercise.csproj", "{86762DC2-0481-4A1E-B08A-F4D2594FC488}"
EndProject
Global
	GlobalSection(SolutionConfigurationPlatforms) = preSolution
		Debug|Any CPU = Debug|Any CPU
		Release|Any CPU = Release|Any CPU
	EndGlobalSection
	GlobalSection(ProjectConfigurationPlatforms) = postSolution
		{EB870E15-0AA5-4872-BF5B-1E6F64079EFE}.Debug|Any CPU.ActiveCfg = Debug|Any CPU
		{EB870E15-0AA5-4872-BF5B-1E6F64079EFE}.Debug|Any CPU.Build.0 = Debug|Any CPU
		{EB870E15-0AA5-4872-BF5B-1E6F64079EFE}.Release|Any CPU.ActiveCfg = Release|Any CPU
		{EB870E15-0AA5-4872-BF5B-1E6F64079EFE}.Release|Any CPU.Build.0 = Release|Any CPU
		{86762DC2-0481-4A1E-B08A-F4D2594FC488}.Debug|Any CPU.ActiveCfg = Debug|Any CPU
		{86762DC2-0481-4A1E-B08A-F4D2594FC488}.Debug|Any CPU.Build.0 = Debug|Any CPU
		{86762DC2-0481-4A1E-B08A-F4D2594FC488}.Release|Any CPU.ActiveCfg = Release|Any CPU
		{86762DC2-0481-4A1E-B08A-F4D2594FC488}.Release|Any CPU.Build.0 = Release|Any CPU
	EndGlobalSection
	GlobalSection(SolutionProperties) = preSolution
		HideSolutionNode = FALSE
	EndGlobalSection
	GlobalSection(ExtensibilityGlobals) = postSolution
		SolutionGuid = {2D2DBFF8-3987-4AE9-B9A6-FC12EE7FA007}
	EndGlobalSection
EndGlobal
